// !$*UTF8*$!
{
	archiveVersion = 1;
	classes = {
	};
	objectVersion = 55;
	objects = {

/* Begin PBXBuildFile section */
		4932CD9628A4C89D000E7443 /* M3_UItraApp.swift in Sources */ = {isa = PBXBuildFile; fileRef = 4932CD9528A4C89D000E7443 /* M3_UItraApp.swift */; };
		4932CD9828A4C89D000E7443 /* ContentView.swift in Sources */ = {isa = PBXBuildFile; fileRef = 4932CD9728A4C89D000E7443 /* ContentView.swift */; };
		4932CD9A28A4C89E000E7443 /* Assets.xcassets in Resources */ = {isa = PBXBuildFile; fileRef = 4932CD9928A4C89E000E7443 /* Assets.xcassets */; };
		4932CD9D28A4C89E000E7443 /* Preview Assets.xcassets in Resources */ = {isa = PBXBuildFile; fileRef = 4932CD9C28A4C89E000E7443 /* Preview Assets.xcassets */; };
		4932CDC228A4E8F2000E7443 /* camera.swift in Sources */ = {isa = PBXBuildFile; fileRef = 4932CDC128A4E8F2000E7443 /* camera.swift */; };
		4932CDC428A4E92B000E7443 /* the line and view.swift in Sources */ = {isa = PBXBuildFile; fileRef = 4932CDC328A4E92B000E7443 /* the line and view.swift */; };
		4932CDC628A4EA5B000E7443 /* frame.swift in Sources */ = {isa = PBXBuildFile; fileRef = 4932CDC528A4EA5B000E7443 /* frame.swift */; };
		7912388328ACFBA000CE4E0B /* trainView.swift in Sources */ = {isa = PBXBuildFile; fileRef = 7912388228ACFBA000CE4E0B /* trainView.swift */; };
		7912388528ACFBE300CE4E0B /* classView.swift in Sources */ = {isa = PBXBuildFile; fileRef = 7912388428ACFBE300CE4E0B /* classView.swift */; };
		791FD04D28AE5D1600E7845B /* welcomeView.swift in Sources */ = {isa = PBXBuildFile; fileRef = 791FD04C28AE5D1600E7845B /* welcomeView.swift */; };
		792AE62B28AF379B0002F750 /* RingView.swift in Sources */ = {isa = PBXBuildFile; fileRef = 792AE62A28AF379B0002F750 /* RingView.swift */; };
		792AE62D28AF37BA0002F750 /* ActivityData.swift in Sources */ = {isa = PBXBuildFile; fileRef = 792AE62C28AF37BA0002F750 /* ActivityData.swift */; };
		792AE62F28AF37D20002F750 /* Constants.swift in Sources */ = {isa = PBXBuildFile; fileRef = 792AE62E28AF37D20002F750 /* Constants.swift */; };
		792AE63128AF37FC0002F750 /* ColorExtension.swift in Sources */ = {isa = PBXBuildFile; fileRef = 792AE63028AF37FC0002F750 /* ColorExtension.swift */; };
		792AE63328AF3E920002F750 /* HealthKit.framework in Frameworks */ = {isa = PBXBuildFile; fileRef = 792AE63228AF3E920002F750 /* HealthKit.framework */; };
		7943A97A28AFAE5E006E7F19 /* AirplayView.swift in Sources */ = {isa = PBXBuildFile; fileRef = 7943A97928AFAE5E006E7F19 /* AirplayView.swift */; };
		7943A97C28AFBBF7006E7F19 /* airplaysettingsView.swift in Sources */ = {isa = PBXBuildFile; fileRef = 7943A97B28AFBBF7006E7F19 /* airplaysettingsView.swift */; };
		7971A78528B33875007302A1 /* barchartView.swift in Sources */ = {isa = PBXBuildFile; fileRef = 7971A78428B33875007302A1 /* barchartView.swift */; };
		7971A78728B3460B007302A1 /* calchartView.swift in Sources */ = {isa = PBXBuildFile; fileRef = 7971A78628B3460B007302A1 /* calchartView.swift */; };
		79996AF028ADFBEE000E1FF0 /* get today date.swift in Sources */ = {isa = PBXBuildFile; fileRef = 79996AEF28ADFBEE000E1FF0 /* get today date.swift */; };
		79996AF228AE10F5000E1FF0 /* todayView.swift in Sources */ = {isa = PBXBuildFile; fileRef = 79996AF128AE10F5000E1FF0 /* todayView.swift */; };
		79996AF528AE19AD000E1FF0 /* decode json.swift in Sources */ = {isa = PBXBuildFile; fileRef = 79996AF428AE19AD000E1FF0 /* decode json.swift */; };
		79996AF628AE1AA9000E1FF0 /* Data.json in Resources */ = {isa = PBXBuildFile; fileRef = 79996AF328AE198E000E1FF0 /* Data.json */; };
		79996AF828AE1C0D000E1FF0 /* Calendar.swift in Sources */ = {isa = PBXBuildFile; fileRef = 79996AF728AE1C0D000E1FF0 /* Calendar.swift */; };
		799CB78C28AEB425004076AD /* notifyView.swift in Sources */ = {isa = PBXBuildFile; fileRef = 799CB78B28AEB425004076AD /* notifyView.swift */; };
		79AB308128ACECA60001C091 /* webView.swift in Sources */ = {isa = PBXBuildFile; fileRef = 79AB308028ACECA60001C091 /* webView.swift */; };
		79AB308928ACEE200001C091 /* developerView.swift in Sources */ = {isa = PBXBuildFile; fileRef = 79AB308828ACEE200001C091 /* developerView.swift */; };
		79AB308B28ACF6D90001C091 /* rewardView.swift in Sources */ = {isa = PBXBuildFile; fileRef = 79AB308A28ACF6D90001C091 /* rewardView.swift */; };
		79C8582328AA378500A37B5E /* dateView.swift in Sources */ = {isa = PBXBuildFile; fileRef = 79C8582228AA378500A37B5E /* dateView.swift */; };
		79C8582528AA37C200A37B5E /* homeView.swift in Sources */ = {isa = PBXBuildFile; fileRef = 79C8582428AA37C200A37B5E /* homeView.swift */; };
		79C8582928AA380B00A37B5E /* settingsView.swift in Sources */ = {isa = PBXBuildFile; fileRef = 79C8582828AA380B00A37B5E /* settingsView.swift */; };
		79C8582B28AA384A00A37B5E /* practiceView.swift in Sources */ = {isa = PBXBuildFile; fileRef = 79C8582A28AA384A00A37B5E /* practiceView.swift */; };
		79C8582D28AA388B00A37B5E /* errorView.swift in Sources */ = {isa = PBXBuildFile; fileRef = 79C8582C28AA388B00A37B5E /* errorView.swift */; };
		79C8582F28AA38B500A37B5E /* scheduleView.swift in Sources */ = {isa = PBXBuildFile; fileRef = 79C8582E28AA38B500A37B5E /* scheduleView.swift */; };
		79C9349828B0C40F006592AC /* AirPlayController.swift in Sources */ = {isa = PBXBuildFile; fileRef = 79C9349728B0C40F006592AC /* AirPlayController.swift */; };
		79D0AAD328AAAB5000E60B4C /* CloudKit.framework in Frameworks */ = {isa = PBXBuildFile; fileRef = 79D0AAD228AAAB5000E60B4C /* CloudKit.framework */; };
		79D0AAD628AAB18F00E60B4C /* Data.xcdatamodeld in Sources */ = {isa = PBXBuildFile; fileRef = 79D0AAD428AAB18F00E60B4C /* Data.xcdatamodeld */; };
		79DC432C28AEA2E500E1853E /* usernameView.swift in Sources */ = {isa = PBXBuildFile; fileRef = 79DC432B28AEA2E500E1853E /* usernameView.swift */; };
		79FC50C128A8FE2A00F8CC50 /* aiView.swift in Sources */ = {isa = PBXBuildFile; fileRef = 79FC50C028A8FE2A00F8CC50 /* aiView.swift */; };
/* End PBXBuildFile section */

/* Begin PBXCopyFilesBuildPhase section */
		79C934D928B0C8CC006592AC /* Embed Watch Content */ = {
			isa = PBXCopyFilesBuildPhase;
			buildActionMask = 2147483647;
			dstPath = "$(CONTENTS_FOLDER_PATH)/Watch";
			dstSubfolderSpec = 16;
			files = (
			);
			name = "Embed Watch Content";
			runOnlyForDeploymentPostprocessing = 0;
		};
/* End PBXCopyFilesBuildPhase section */

/* Begin PBXFileReference section */
		4932CD9228A4C89D000E7443 /* AI教你做運動.app */ = {isa = PBXFileReference; explicitFileType = wrapper.application; includeInIndex = 0; path = "AI教你做運動.app"; sourceTree = BUILT_PRODUCTS_DIR; };
		4932CD9528A4C89D000E7443 /* M3_UItraApp.swift */ = {isa = PBXFileReference; lastKnownFileType = sourcecode.swift; path = M3_UItraApp.swift; sourceTree = "<group>"; };
		4932CD9728A4C89D000E7443 /* ContentView.swift */ = {isa = PBXFileReference; lastKnownFileType = sourcecode.swift; path = ContentView.swift; sourceTree = "<group>"; };
		4932CD9928A4C89E000E7443 /* Assets.xcassets */ = {isa = PBXFileReference; lastKnownFileType = folder.assetcatalog; path = Assets.xcassets; sourceTree = "<group>"; };
		4932CD9C28A4C89E000E7443 /* Preview Assets.xcassets */ = {isa = PBXFileReference; lastKnownFileType = folder.assetcatalog; path = "Preview Assets.xcassets"; sourceTree = "<group>"; };
		4932CDC128A4E8F2000E7443 /* camera.swift */ = {isa = PBXFileReference; lastKnownFileType = sourcecode.swift; path = camera.swift; sourceTree = "<group>"; };
		4932CDC328A4E92B000E7443 /* the line and view.swift */ = {isa = PBXFileReference; lastKnownFileType = sourcecode.swift; path = "the line and view.swift"; sourceTree = "<group>"; };
		4932CDC528A4EA5B000E7443 /* frame.swift */ = {isa = PBXFileReference; lastKnownFileType = sourcecode.swift; path = frame.swift; sourceTree = "<group>"; };
		7912388228ACFBA000CE4E0B /* trainView.swift */ = {isa = PBXFileReference; lastKnownFileType = sourcecode.swift; path = trainView.swift; sourceTree = "<group>"; };
		7912388428ACFBE300CE4E0B /* classView.swift */ = {isa = PBXFileReference; lastKnownFileType = sourcecode.swift; path = classView.swift; sourceTree = "<group>"; };
		791FD04C28AE5D1600E7845B /* welcomeView.swift */ = {isa = PBXFileReference; lastKnownFileType = sourcecode.swift; path = welcomeView.swift; sourceTree = "<group>"; };
		792AE62A28AF379B0002F750 /* RingView.swift */ = {isa = PBXFileReference; fileEncoding = 4; lastKnownFileType = sourcecode.swift; path = RingView.swift; sourceTree = "<group>"; };
		792AE62C28AF37BA0002F750 /* ActivityData.swift */ = {isa = PBXFileReference; fileEncoding = 4; lastKnownFileType = sourcecode.swift; path = ActivityData.swift; sourceTree = "<group>"; };
		792AE62E28AF37D20002F750 /* Constants.swift */ = {isa = PBXFileReference; fileEncoding = 4; lastKnownFileType = sourcecode.swift; path = Constants.swift; sourceTree = "<group>"; };
		792AE63028AF37FC0002F750 /* ColorExtension.swift */ = {isa = PBXFileReference; fileEncoding = 4; lastKnownFileType = sourcecode.swift; path = ColorExtension.swift; sourceTree = "<group>"; };
		792AE63228AF3E920002F750 /* HealthKit.framework */ = {isa = PBXFileReference; lastKnownFileType = wrapper.framework; name = HealthKit.framework; path = System/Library/Frameworks/HealthKit.framework; sourceTree = SDKROOT; };
		7943A97928AFAE5E006E7F19 /* AirplayView.swift */ = {isa = PBXFileReference; lastKnownFileType = sourcecode.swift; path = AirplayView.swift; sourceTree = "<group>"; };
		7943A97B28AFBBF7006E7F19 /* airplaysettingsView.swift */ = {isa = PBXFileReference; lastKnownFileType = sourcecode.swift; path = airplaysettingsView.swift; sourceTree = "<group>"; };
		794603AE28B0C9A30083567D /* Assets.xcassets */ = {isa = PBXFileReference; lastKnownFileType = folder.assetcatalog; path = Assets.xcassets; sourceTree = "<group>"; };
		7971A78428B33875007302A1 /* barchartView.swift */ = {isa = PBXFileReference; lastKnownFileType = sourcecode.swift; path = barchartView.swift; sourceTree = "<group>"; };
		7971A78628B3460B007302A1 /* calchartView.swift */ = {isa = PBXFileReference; lastKnownFileType = sourcecode.swift; path = calchartView.swift; sourceTree = "<group>"; };
		79996AEF28ADFBEE000E1FF0 /* get today date.swift */ = {isa = PBXFileReference; lastKnownFileType = sourcecode.swift; path = "get today date.swift"; sourceTree = "<group>"; };
		79996AF128AE10F5000E1FF0 /* todayView.swift */ = {isa = PBXFileReference; lastKnownFileType = sourcecode.swift; path = todayView.swift; sourceTree = "<group>"; };
		79996AF328AE198E000E1FF0 /* Data.json */ = {isa = PBXFileReference; lastKnownFileType = text.json; path = Data.json; sourceTree = "<group>"; };
		79996AF428AE19AD000E1FF0 /* decode json.swift */ = {isa = PBXFileReference; lastKnownFileType = sourcecode.swift; path = "decode json.swift"; sourceTree = "<group>"; };
		79996AF728AE1C0D000E1FF0 /* Calendar.swift */ = {isa = PBXFileReference; fileEncoding = 4; lastKnownFileType = sourcecode.swift; path = Calendar.swift; sourceTree = "<group>"; };
		799CB78B28AEB425004076AD /* notifyView.swift */ = {isa = PBXFileReference; fileEncoding = 4; lastKnownFileType = sourcecode.swift; path = notifyView.swift; sourceTree = "<group>"; };
		79AB308028ACECA60001C091 /* webView.swift */ = {isa = PBXFileReference; lastKnownFileType = sourcecode.swift; path = webView.swift; sourceTree = "<group>"; };
		79AB308828ACEE200001C091 /* developerView.swift */ = {isa = PBXFileReference; lastKnownFileType = sourcecode.swift; path = developerView.swift; sourceTree = "<group>"; };
		79AB308A28ACF6D90001C091 /* rewardView.swift */ = {isa = PBXFileReference; lastKnownFileType = sourcecode.swift; path = rewardView.swift; sourceTree = "<group>"; };
		79C8582228AA378500A37B5E /* dateView.swift */ = {isa = PBXFileReference; lastKnownFileType = sourcecode.swift; path = dateView.swift; sourceTree = "<group>"; };
		79C8582428AA37C200A37B5E /* homeView.swift */ = {isa = PBXFileReference; lastKnownFileType = sourcecode.swift; path = homeView.swift; sourceTree = "<group>"; };
		79C8582828AA380B00A37B5E /* settingsView.swift */ = {isa = PBXFileReference; lastKnownFileType = sourcecode.swift; path = settingsView.swift; sourceTree = "<group>"; };
		79C8582A28AA384A00A37B5E /* practiceView.swift */ = {isa = PBXFileReference; lastKnownFileType = sourcecode.swift; path = practiceView.swift; sourceTree = "<group>"; };
		79C8582C28AA388B00A37B5E /* errorView.swift */ = {isa = PBXFileReference; lastKnownFileType = sourcecode.swift; path = errorView.swift; sourceTree = "<group>"; };
		79C8582E28AA38B500A37B5E /* scheduleView.swift */ = {isa = PBXFileReference; lastKnownFileType = sourcecode.swift; path = scheduleView.swift; sourceTree = "<group>"; };
		79C9349728B0C40F006592AC /* AirPlayController.swift */ = {isa = PBXFileReference; lastKnownFileType = sourcecode.swift; path = AirPlayController.swift; sourceTree = "<group>"; };
		79C9349D28B0C8CB006592AC /* Assets.xcassets */ = {isa = PBXFileReference; lastKnownFileType = folder.assetcatalog; path = Assets.xcassets; sourceTree = "<group>"; };
		79D0AACF28AA3B9A00E60B4C /* M3-UItra-Info.plist */ = {isa = PBXFileReference; lastKnownFileType = text.plist; path = "M3-UItra-Info.plist"; sourceTree = SOURCE_ROOT; };
		79D0AAD028AA95A000E60B4C /* M3 UItra.entitlements */ = {isa = PBXFileReference; lastKnownFileType = text.plist.entitlements; path = "M3 UItra.entitlements"; sourceTree = "<group>"; };
		79D0AAD228AAAB5000E60B4C /* CloudKit.framework */ = {isa = PBXFileReference; lastKnownFileType = wrapper.framework; name = CloudKit.framework; path = System/Library/Frameworks/CloudKit.framework; sourceTree = SDKROOT; };
		79D0AAD528AAB18F00E60B4C /* Data.xcdatamodel */ = {isa = PBXFileReference; lastKnownFileType = wrapper.xcdatamodel; path = Data.xcdatamodel; sourceTree = "<group>"; };
		79DC432B28AEA2E500E1853E /* usernameView.swift */ = {isa = PBXFileReference; lastKnownFileType = sourcecode.swift; path = usernameView.swift; sourceTree = "<group>"; };
		79FC50C028A8FE2A00F8CC50 /* aiView.swift */ = {isa = PBXFileReference; lastKnownFileType = sourcecode.swift; path = aiView.swift; sourceTree = "<group>"; };
/* End PBXFileReference section */

/* Begin PBXFrameworksBuildPhase section */
		4932CD8F28A4C89D000E7443 /* Frameworks */ = {
			isa = PBXFrameworksBuildPhase;
			buildActionMask = 2147483647;
			files = (
				79D0AAD328AAAB5000E60B4C /* CloudKit.framework in Frameworks */,
				792AE63328AF3E920002F750 /* HealthKit.framework in Frameworks */,
			);
			runOnlyForDeploymentPostprocessing = 0;
		};
/* End PBXFrameworksBuildPhase section */

/* Begin PBXGroup section */
		4932CD8928A4C89D000E7443 = {
			isa = PBXGroup;
			children = (
				4932CD9428A4C89D000E7443 /* M3 UItra */,
				79C9349C28B0C8C9006592AC /* M3-Ultra */,
				794603AD28B0C9A30083567D /* M3-Ultra */,
				4932CD9328A4C89D000E7443 /* Products */,
				79D0AAD128AAAB5000E60B4C /* Frameworks */,
			);
			sourceTree = "<group>";
		};
		4932CD9328A4C89D000E7443 /* Products */ = {
			isa = PBXGroup;
			children = (
				4932CD9228A4C89D000E7443 /* AI教你做運動.app */,
			);
			name = Products;
			sourceTree = "<group>";
		};
		4932CD9428A4C89D000E7443 /* M3 UItra */ = {
			isa = PBXGroup;
			children = (
				79D0AAD028AA95A000E60B4C /* M3 UItra.entitlements */,
				79D0AACF28AA3B9A00E60B4C /* M3-UItra-Info.plist */,
				4932CD9528A4C89D000E7443 /* M3_UItraApp.swift */,
				4932CD9728A4C89D000E7443 /* ContentView.swift */,
				791FD04C28AE5D1600E7845B /* welcomeView.swift */,
				79AB308728ACEE030001C091 /* Home */,
				79AB308428ACEDA50001C091 /* Practice */,
				79AB308528ACEDB50001C091 /* Schedule */,
				79AB308628ACEDD90001C091 /* Settings */,
				79AB308328ACED2C0001C091 /* Other func */,
				79AB308228ACECFA0001C091 /* AI Camera */,
				4932CD9928A4C89E000E7443 /* Assets.xcassets */,
				79996AF328AE198E000E1FF0 /* Data.json */,
				79D0AAD428AAB18F00E60B4C /* Data.xcdatamodeld */,
				4932CD9B28A4C89E000E7443 /* Preview Content */,
			);
			path = "M3 UItra";
			sourceTree = "<group>";
		};
		4932CD9B28A4C89E000E7443 /* Preview Content */ = {
			isa = PBXGroup;
			children = (
				4932CD9C28A4C89E000E7443 /* Preview Assets.xcassets */,
			);
			path = "Preview Content";
			sourceTree = "<group>";
		};
		794603AD28B0C9A30083567D /* M3-Ultra */ = {
			isa = PBXGroup;
			children = (
				794603AE28B0C9A30083567D /* Assets.xcassets */,
			);
			path = "M3-Ultra";
			sourceTree = "<group>";
		};
		79AB308228ACECFA0001C091 /* AI Camera */ = {
			isa = PBXGroup;
			children = (
				79FC50C028A8FE2A00F8CC50 /* aiView.swift */,
				4932CDC128A4E8F2000E7443 /* camera.swift */,
				4932CDC328A4E92B000E7443 /* the line and view.swift */,
				4932CDC528A4EA5B000E7443 /* frame.swift */,
			);
			path = "AI Camera";
			sourceTree = "<group>";
		};
		79AB308328ACED2C0001C091 /* Other func */ = {
			isa = PBXGroup;
			children = (
				79C8582C28AA388B00A37B5E /* errorView.swift */,
				79AB308028ACECA60001C091 /* webView.swift */,
				79996AEF28ADFBEE000E1FF0 /* get today date.swift */,
				79996AF428AE19AD000E1FF0 /* decode json.swift */,
				792AE63028AF37FC0002F750 /* ColorExtension.swift */,
				792AE62A28AF379B0002F750 /* RingView.swift */,
				792AE62C28AF37BA0002F750 /* ActivityData.swift */,
				792AE62E28AF37D20002F750 /* Constants.swift */,
				7943A97928AFAE5E006E7F19 /* AirplayView.swift */,
				79C9349728B0C40F006592AC /* AirPlayController.swift */,
				7971A78428B33875007302A1 /* barchartView.swift */,
				7971A78628B3460B007302A1 /* calchartView.swift */,
			);
			path = "Other func";
			sourceTree = "<group>";
		};
		79AB308428ACEDA50001C091 /* Practice */ = {
			isa = PBXGroup;
			children = (
				79C8582A28AA384A00A37B5E /* practiceView.swift */,
				7912388228ACFBA000CE4E0B /* trainView.swift */,
				7912388428ACFBE300CE4E0B /* classView.swift */,
			);
			path = Practice;
			sourceTree = "<group>";
		};
		79AB308528ACEDB50001C091 /* Schedule */ = {
			isa = PBXGroup;
			children = (
				79C8582E28AA38B500A37B5E /* scheduleView.swift */,
				79996AF128AE10F5000E1FF0 /* todayView.swift */,
				79C8582228AA378500A37B5E /* dateView.swift */,
				79996AF728AE1C0D000E1FF0 /* Calendar.swift */,
			);
			path = Schedule;
			sourceTree = "<group>";
		};
		79AB308628ACEDD90001C091 /* Settings */ = {
			isa = PBXGroup;
			children = (
				79C8582828AA380B00A37B5E /* settingsView.swift */,
				7943A97B28AFBBF7006E7F19 /* airplaysettingsView.swift */,
				799CB78B28AEB425004076AD /* notifyView.swift */,
				79DC432B28AEA2E500E1853E /* usernameView.swift */,
				79AB308828ACEE200001C091 /* developerView.swift */,
			);
			path = Settings;
			sourceTree = "<group>";
		};
		79AB308728ACEE030001C091 /* Home */ = {
			isa = PBXGroup;
			children = (
				79C8582428AA37C200A37B5E /* homeView.swift */,
				79AB308A28ACF6D90001C091 /* rewardView.swift */,
			);
			path = Home;
			sourceTree = "<group>";
		};
		79C9349C28B0C8C9006592AC /* M3-Ultra */ = {
			isa = PBXGroup;
			children = (
				79C9349D28B0C8CB006592AC /* Assets.xcassets */,
			);
			path = "M3-Ultra";
			sourceTree = "<group>";
		};
		79D0AAD128AAAB5000E60B4C /* Frameworks */ = {
			isa = PBXGroup;
			children = (
				792AE63228AF3E920002F750 /* HealthKit.framework */,
				79D0AAD228AAAB5000E60B4C /* CloudKit.framework */,
			);
			name = Frameworks;
			sourceTree = "<group>";
		};
/* End PBXGroup section */

/* Begin PBXNativeTarget section */
		4932CD9128A4C89D000E7443 /* AI教你做運動 */ = {
			isa = PBXNativeTarget;
			buildConfigurationList = 4932CDB628A4C89E000E7443 /* Build configuration list for PBXNativeTarget "AI教你做運動" */;
			buildPhases = (
				4932CD8E28A4C89D000E7443 /* Sources */,
				4932CD8F28A4C89D000E7443 /* Frameworks */,
				4932CD9028A4C89D000E7443 /* Resources */,
				79C934D928B0C8CC006592AC /* Embed Watch Content */,
			);
			buildRules = (
			);
			dependencies = (
			);
			name = "AI教你做運動";
			productName = "M3 UItra";
			productReference = 4932CD9228A4C89D000E7443 /* AI教你做運動.app */;
			productType = "com.apple.product-type.application";
		};
/* End PBXNativeTarget section */

/* Begin PBXProject section */
		4932CD8A28A4C89D000E7443 /* Project object */ = {
			isa = PBXProject;
			attributes = {
				BuildIndependentTargetsInParallel = 1;
				LastSwiftUpdateCheck = 1340;
				LastUpgradeCheck = 1340;
				TargetAttributes = {
					4932CD9128A4C89D000E7443 = {
						CreatedOnToolsVersion = 13.4.1;
					};
				};
			};
			buildConfigurationList = 4932CD8D28A4C89D000E7443 /* Build configuration list for PBXProject "AI教你做運動" */;
			compatibilityVersion = "Xcode 13.0";
			developmentRegion = en;
			hasScannedForEncodings = 0;
			knownRegions = (
				en,
				Base,
			);
			mainGroup = 4932CD8928A4C89D000E7443;
			productRefGroup = 4932CD9328A4C89D000E7443 /* Products */;
			projectDirPath = "";
			projectRoot = "";
			targets = (
				4932CD9128A4C89D000E7443 /* AI教你做運動 */,
			);
		};
/* End PBXProject section */

/* Begin PBXResourcesBuildPhase section */
		4932CD9028A4C89D000E7443 /* Resources */ = {
			isa = PBXResourcesBuildPhase;
			buildActionMask = 2147483647;
			files = (
				79996AF628AE1AA9000E1FF0 /* Data.json in Resources */,
				4932CD9D28A4C89E000E7443 /* Preview Assets.xcassets in Resources */,
				4932CD9A28A4C89E000E7443 /* Assets.xcassets in Resources */,
			);
			runOnlyForDeploymentPostprocessing = 0;
		};
/* End PBXResourcesBuildPhase section */

/* Begin PBXSourcesBuildPhase section */
		4932CD8E28A4C89D000E7443 /* Sources */ = {
			isa = PBXSourcesBuildPhase;
			buildActionMask = 2147483647;
			files = (
				792AE62D28AF37BA0002F750 /* ActivityData.swift in Sources */,
				79DC432C28AEA2E500E1853E /* usernameView.swift in Sources */,
				79C8582928AA380B00A37B5E /* settingsView.swift in Sources */,
				4932CDC228A4E8F2000E7443 /* camera.swift in Sources */,
				4932CDC628A4EA5B000E7443 /* frame.swift in Sources */,
				4932CD9828A4C89D000E7443 /* ContentView.swift in Sources */,
				7912388328ACFBA000CE4E0B /* trainView.swift in Sources */,
				792AE62B28AF379B0002F750 /* RingView.swift in Sources */,
				79996AF528AE19AD000E1FF0 /* decode json.swift in Sources */,
				7971A78728B3460B007302A1 /* calchartView.swift in Sources */,
				79C8582528AA37C200A37B5E /* homeView.swift in Sources */,
				79996AF228AE10F5000E1FF0 /* todayView.swift in Sources */,
				792AE63128AF37FC0002F750 /* ColorExtension.swift in Sources */,
				792AE62F28AF37D20002F750 /* Constants.swift in Sources */,
				79D0AAD628AAB18F00E60B4C /* Data.xcdatamodeld in Sources */,
				7971A78528B33875007302A1 /* barchartView.swift in Sources */,
				79C8582F28AA38B500A37B5E /* scheduleView.swift in Sources */,
				79AB308128ACECA60001C091 /* webView.swift in Sources */,
				79996AF828AE1C0D000E1FF0 /* Calendar.swift in Sources */,
				79AB308928ACEE200001C091 /* developerView.swift in Sources */,
				79FC50C128A8FE2A00F8CC50 /* aiView.swift in Sources */,
				79C8582B28AA384A00A37B5E /* practiceView.swift in Sources */,
				79C9349828B0C40F006592AC /* AirPlayController.swift in Sources */,
				7912388528ACFBE300CE4E0B /* classView.swift in Sources */,
				7943A97C28AFBBF7006E7F19 /* airplaysettingsView.swift in Sources */,
				799CB78C28AEB425004076AD /* notifyView.swift in Sources */,
				79996AF028ADFBEE000E1FF0 /* get today date.swift in Sources */,
				79AB308B28ACF6D90001C091 /* rewardView.swift in Sources */,
				79C8582328AA378500A37B5E /* dateView.swift in Sources */,
				7943A97A28AFAE5E006E7F19 /* AirplayView.swift in Sources */,
				4932CD9628A4C89D000E7443 /* M3_UItraApp.swift in Sources */,
				791FD04D28AE5D1600E7845B /* welcomeView.swift in Sources */,
				79C8582D28AA388B00A37B5E /* errorView.swift in Sources */,
				4932CDC428A4E92B000E7443 /* the line and view.swift in Sources */,
			);
			runOnlyForDeploymentPostprocessing = 0;
		};
/* End PBXSourcesBuildPhase section */

/* Begin XCBuildConfiguration section */
		4932CDB428A4C89E000E7443 /* Debug */ = {
			isa = XCBuildConfiguration;
			buildSettings = {
				ALWAYS_SEARCH_USER_PATHS = NO;
				CLANG_ANALYZER_NONNULL = YES;
				CLANG_ANALYZER_NUMBER_OBJECT_CONVERSION = YES_AGGRESSIVE;
				CLANG_CXX_LANGUAGE_STANDARD = "gnu++17";
				CLANG_ENABLE_MODULES = YES;
				CLANG_ENABLE_OBJC_ARC = YES;
				CLANG_ENABLE_OBJC_WEAK = YES;
				CLANG_WARN_BLOCK_CAPTURE_AUTORELEASING = YES;
				CLANG_WARN_BOOL_CONVERSION = YES;
				CLANG_WARN_COMMA = YES;
				CLANG_WARN_CONSTANT_CONVERSION = YES;
				CLANG_WARN_DEPRECATED_OBJC_IMPLEMENTATIONS = YES;
				CLANG_WARN_DIRECT_OBJC_ISA_USAGE = YES_ERROR;
				CLANG_WARN_DOCUMENTATION_COMMENTS = YES;
				CLANG_WARN_EMPTY_BODY = YES;
				CLANG_WARN_ENUM_CONVERSION = YES;
				CLANG_WARN_INFINITE_RECURSION = YES;
				CLANG_WARN_INT_CONVERSION = YES;
				CLANG_WARN_NON_LITERAL_NULL_CONVERSION = YES;
				CLANG_WARN_OBJC_IMPLICIT_RETAIN_SELF = YES;
				CLANG_WARN_OBJC_LITERAL_CONVERSION = YES;
				CLANG_WARN_OBJC_ROOT_CLASS = YES_ERROR;
				CLANG_WARN_QUOTED_INCLUDE_IN_FRAMEWORK_HEADER = YES;
				CLANG_WARN_RANGE_LOOP_ANALYSIS = YES;
				CLANG_WARN_STRICT_PROTOTYPES = YES;
				CLANG_WARN_SUSPICIOUS_MOVE = YES;
				CLANG_WARN_UNGUARDED_AVAILABILITY = YES_AGGRESSIVE;
				CLANG_WARN_UNREACHABLE_CODE = YES;
				CLANG_WARN__DUPLICATE_METHOD_MATCH = YES;
				COPY_PHASE_STRIP = NO;
				DEBUG_INFORMATION_FORMAT = dwarf;
				ENABLE_STRICT_OBJC_MSGSEND = YES;
				ENABLE_TESTABILITY = YES;
				GCC_C_LANGUAGE_STANDARD = gnu11;
				GCC_DYNAMIC_NO_PIC = NO;
				GCC_NO_COMMON_BLOCKS = YES;
				GCC_OPTIMIZATION_LEVEL = 0;
				GCC_PREPROCESSOR_DEFINITIONS = (
					"DEBUG=1",
					"$(inherited)",
				);
				GCC_WARN_64_TO_32_BIT_CONVERSION = YES;
				GCC_WARN_ABOUT_RETURN_TYPE = YES_ERROR;
				GCC_WARN_UNDECLARED_SELECTOR = YES;
				GCC_WARN_UNINITIALIZED_AUTOS = YES_AGGRESSIVE;
				GCC_WARN_UNUSED_FUNCTION = YES;
				GCC_WARN_UNUSED_VARIABLE = YES;
				IPHONEOS_DEPLOYMENT_TARGET = 15.0;
				MTL_ENABLE_DEBUG_INFO = INCLUDE_SOURCE;
				MTL_FAST_MATH = YES;
				ONLY_ACTIVE_ARCH = YES;
				SDKROOT = iphoneos;
				SWIFT_ACTIVE_COMPILATION_CONDITIONS = DEBUG;
				SWIFT_OPTIMIZATION_LEVEL = "-Onone";
			};
			name = Debug;
		};
		4932CDB528A4C89E000E7443 /* Release */ = {
			isa = XCBuildConfiguration;
			buildSettings = {
				ALWAYS_SEARCH_USER_PATHS = NO;
				CLANG_ANALYZER_NONNULL = YES;
				CLANG_ANALYZER_NUMBER_OBJECT_CONVERSION = YES_AGGRESSIVE;
				CLANG_CXX_LANGUAGE_STANDARD = "gnu++17";
				CLANG_ENABLE_MODULES = YES;
				CLANG_ENABLE_OBJC_ARC = YES;
				CLANG_ENABLE_OBJC_WEAK = YES;
				CLANG_WARN_BLOCK_CAPTURE_AUTORELEASING = YES;
				CLANG_WARN_BOOL_CONVERSION = YES;
				CLANG_WARN_COMMA = YES;
				CLANG_WARN_CONSTANT_CONVERSION = YES;
				CLANG_WARN_DEPRECATED_OBJC_IMPLEMENTATIONS = YES;
				CLANG_WARN_DIRECT_OBJC_ISA_USAGE = YES_ERROR;
				CLANG_WARN_DOCUMENTATION_COMMENTS = YES;
				CLANG_WARN_EMPTY_BODY = YES;
				CLANG_WARN_ENUM_CONVERSION = YES;
				CLANG_WARN_INFINITE_RECURSION = YES;
				CLANG_WARN_INT_CONVERSION = YES;
				CLANG_WARN_NON_LITERAL_NULL_CONVERSION = YES;
				CLANG_WARN_OBJC_IMPLICIT_RETAIN_SELF = YES;
				CLANG_WARN_OBJC_LITERAL_CONVERSION = YES;
				CLANG_WARN_OBJC_ROOT_CLASS = YES_ERROR;
				CLANG_WARN_QUOTED_INCLUDE_IN_FRAMEWORK_HEADER = YES;
				CLANG_WARN_RANGE_LOOP_ANALYSIS = YES;
				CLANG_WARN_STRICT_PROTOTYPES = YES;
				CLANG_WARN_SUSPICIOUS_MOVE = YES;
				CLANG_WARN_UNGUARDED_AVAILABILITY = YES_AGGRESSIVE;
				CLANG_WARN_UNREACHABLE_CODE = YES;
				CLANG_WARN__DUPLICATE_METHOD_MATCH = YES;
				COPY_PHASE_STRIP = NO;
				DEBUG_INFORMATION_FORMAT = "dwarf-with-dsym";
				ENABLE_NS_ASSERTIONS = NO;
				ENABLE_STRICT_OBJC_MSGSEND = YES;
				GCC_C_LANGUAGE_STANDARD = gnu11;
				GCC_NO_COMMON_BLOCKS = YES;
				GCC_WARN_64_TO_32_BIT_CONVERSION = YES;
				GCC_WARN_ABOUT_RETURN_TYPE = YES_ERROR;
				GCC_WARN_UNDECLARED_SELECTOR = YES;
				GCC_WARN_UNINITIALIZED_AUTOS = YES_AGGRESSIVE;
				GCC_WARN_UNUSED_FUNCTION = YES;
				GCC_WARN_UNUSED_VARIABLE = YES;
				IPHONEOS_DEPLOYMENT_TARGET = 15.0;
				MTL_ENABLE_DEBUG_INFO = NO;
				MTL_FAST_MATH = YES;
				SDKROOT = iphoneos;
				SWIFT_COMPILATION_MODE = wholemodule;
				SWIFT_OPTIMIZATION_LEVEL = "-O";
				VALIDATE_PRODUCT = YES;
			};
			name = Release;
		};
		4932CDB728A4C89E000E7443 /* Debug */ = {
			isa = XCBuildConfiguration;
			buildSettings = {
				ASSETCATALOG_COMPILER_APPICON_NAME = AppIcon;
				ASSETCATALOG_COMPILER_GLOBAL_ACCENT_COLOR_NAME = AccentColor;
				CODE_SIGN_ENTITLEMENTS = "M3 UItra/M3 UItra.entitlements";
				CODE_SIGN_STYLE = Automatic;
				CURRENT_PROJECT_VERSION = 1;
				DEVELOPMENT_ASSET_PATHS = "\"M3 UItra/Preview Content\"";
				DEVELOPMENT_TEAM = UGQBX3P3M8;
				ENABLE_PREVIEWS = YES;
				GENERATE_INFOPLIST_FILE = YES;
				INFOPLIST_FILE = "M3-UItra-Info.plist";
				INFOPLIST_KEY_CFBundleDisplayName = "AI教你做運動";
				INFOPLIST_KEY_NSCameraUsageDescription = Camera;
				INFOPLIST_KEY_UIApplicationSupportsIndirectInputEvents = YES;
				INFOPLIST_KEY_UILaunchScreen_Generation = YES;
				INFOPLIST_KEY_UISupportedInterfaceOrientations = "UIInterfaceOrientationPortrait UIInterfaceOrientationLandscapeLeft UIInterfaceOrientationLandscapeRight";
				INFOPLIST_KEY_UISupportedInterfaceOrientations_iPad = "UIInterfaceOrientationPortrait UIInterfaceOrientationPortraitUpsideDown UIInterfaceOrientationLandscapeLeft UIInterfaceOrientationLandscapeRight";
				INFOPLIST_KEY_UISupportedInterfaceOrientations_iPhone = "UIInterfaceOrientationPortrait UIInterfaceOrientationLandscapeLeft UIInterfaceOrientationLandscapeRight";
				LD_RUNPATH_SEARCH_PATHS = (
					"$(inherited)",
					"@executable_path/Frameworks",
				);
				MARKETING_VERSION = 1.3.27;
				PRODUCT_BUNDLE_IDENTIFIER = "hingtattsang.app.M3-UItra";
				PRODUCT_NAME = "$(TARGET_NAME)";
				SUPPORTS_MACCATALYST = NO;
				SWIFT_EMIT_LOC_STRINGS = YES;
				SWIFT_VERSION = 5.0;
				TARGETED_DEVICE_FAMILY = "1,2";
			};
			name = Debug;
		};
		4932CDB828A4C89E000E7443 /* Release */ = {
			isa = XCBuildConfiguration;
			buildSettings = {
				ASSETCATALOG_COMPILER_APPICON_NAME = AppIcon;
				ASSETCATALOG_COMPILER_GLOBAL_ACCENT_COLOR_NAME = AccentColor;
				CODE_SIGN_ENTITLEMENTS = "M3 UItra/M3 UItra.entitlements";
				CODE_SIGN_STYLE = Automatic;
				CURRENT_PROJECT_VERSION = 1;
				DEVELOPMENT_ASSET_PATHS = "\"M3 UItra/Preview Content\"";
				DEVELOPMENT_TEAM = UGQBX3P3M8;
				ENABLE_PREVIEWS = YES;
				GENERATE_INFOPLIST_FILE = YES;
				INFOPLIST_FILE = "M3-UItra-Info.plist";
				INFOPLIST_KEY_CFBundleDisplayName = "AI教你做運動";
				INFOPLIST_KEY_NSCameraUsageDescription = Camera;
				INFOPLIST_KEY_UIApplicationSupportsIndirectInputEvents = YES;
				INFOPLIST_KEY_UILaunchScreen_Generation = YES;
				INFOPLIST_KEY_UISupportedInterfaceOrientations = "UIInterfaceOrientationPortrait UIInterfaceOrientationLandscapeLeft UIInterfaceOrientationLandscapeRight";
				INFOPLIST_KEY_UISupportedInterfaceOrientations_iPad = "UIInterfaceOrientationPortrait UIInterfaceOrientationPortraitUpsideDown UIInterfaceOrientationLandscapeLeft UIInterfaceOrientationLandscapeRight";
				INFOPLIST_KEY_UISupportedInterfaceOrientations_iPhone = "UIInterfaceOrientationPortrait UIInterfaceOrientationLandscapeLeft UIInterfaceOrientationLandscapeRight";
				LD_RUNPATH_SEARCH_PATHS = (
					"$(inherited)",
					"@executable_path/Frameworks",
				);
				MARKETING_VERSION = 1.3.27;
				PRODUCT_BUNDLE_IDENTIFIER = "hingtattsang.app.M3-UItra";
				PRODUCT_NAME = "$(TARGET_NAME)";
				SUPPORTS_MACCATALYST = NO;
				SWIFT_EMIT_LOC_STRINGS = YES;
				SWIFT_VERSION = 5.0;
				TARGETED_DEVICE_FAMILY = "1,2";
			};
			name = Release;
		};
/* End XCBuildConfiguration section */

/* Begin XCConfigurationList section */
		4932CD8D28A4C89D000E7443 /* Build configuration list for PBXProject "AI教你做運動" */ = {
			isa = XCConfigurationList;
			buildConfigurations = (
				4932CDB428A4C89E000E7443 /* Debug */,
				4932CDB528A4C89E000E7443 /* Release */,
			);
			defaultConfigurationIsVisible = 0;
			defaultConfigurationName = Release;
		};
		4932CDB628A4C89E000E7443 /* Build configuration list for PBXNativeTarget "AI教你做運動" */ = {
			isa = XCConfigurationList;
			buildConfigurations = (
				4932CDB728A4C89E000E7443 /* Debug */,
				4932CDB828A4C89E000E7443 /* Release */,
			);
			defaultConfigurationIsVisible = 0;
			defaultConfigurationName = Release;
		};
/* End XCConfigurationList section */

/* Begin XCVersionGroup section */
		79D0AAD428AAB18F00E60B4C /* Data.xcdatamodeld */ = {
			isa = XCVersionGroup;
			children = (
				79D0AAD528AAB18F00E60B4C /* Data.xcdatamodel */,
			);
			currentVersion = 79D0AAD528AAB18F00E60B4C /* Data.xcdatamodel */;
			path = Data.xcdatamodeld;
			sourceTree = "<group>";
			versionGroupType = wrapper.xcdatamodel;
		};
/* End XCVersionGroup section */
	};
	rootObject = 4932CD8A28A4C89D000E7443 /* Project object */;
}
